
Microsoft Visual Studio Solution File, Format Version 12.00
# Visual Studio Version 17
VisualStudioVersion = 17.1.32421.90
MinimumVisualStudioVersion = 10.0.40219.1
Project("{FAE04EC0-301F-11D3-BF4B-00C04F79EFBC}") = "WebHoTroHocLapTrinh", "WebHoTroHocLapTrinh\WebHoTroHocLapTrinh.csproj", "{20CD5077-AF8C-414A-8638-9227F96F017F}"
EndProject
Global
	GlobalSection(SolutionConfigurationPlatforms) = preSolution
		Debug|Any CPU = Debug|Any CPU
		Release|Any CPU = Release|Any CPU
	EndGlobalSection
	GlobalSection(ProjectConfigurationPlatforms) = postSolution
		{20CD5077-AF8C-414A-8638-9227F96F017F}.Debug|Any CPU.ActiveCfg = Debug|Any CPU
		{20CD5077-AF8C-414A-8638-9227F96F017F}.Debug|Any CPU.Build.0 = Debug|Any CPU
		{20CD5077-AF8C-414A-8638-9227F96F017F}.Release|Any CPU.ActiveCfg = Release|Any CPU
		{20CD5077-AF8C-414A-8638-9227F96F017F}.Release|Any CPU.Build.0 = Release|Any CPU
	EndGlobalSection
	GlobalSection(SolutionProperties) = preSolution
		HideSolutionNode = FALSE
	EndGlobalSection
	GlobalSection(ExtensibilityGlobals) = postSolution
		SolutionGuid = {7BEBF02E-B01F-4872-9BA5-FBDBF5A64CFA}
	EndGlobalSection
EndGlobal
